
Microsoft Visual Studio Solution File, Format Version 12.00
# Visual Studio Version 17
VisualStudioVersion = 17.5.33530.505
MinimumVisualStudioVersion = 10.0.40219.1
Project("{9A19103F-16F7-4668-BE54-9A1E7A4F7556}") = "Agendamento_de_Consulta", "Agendamento_de_Consulta.csproj", "{CBBA9081-B642-4AF7-9F84-35A20A2612D3}"
EndProject
Project("{2150E333-8FDC-42A3-9474-1A3956D46DE8}") = "Solution Items", "Solution Items", "{01E88D4F-F754-46EC-B040-245D3631B8C1}"
	ProjectSection(SolutionItems) = preProject
		.editorconfig = .editorconfig
	EndProjectSection
EndProject
Global
	GlobalSection(SolutionConfigurationPlatforms) = preSolution
		Debug|Any CPU = Debug|Any CPU
		Release|Any CPU = Release|Any CPU
	EndGlobalSection
	GlobalSection(ProjectConfigurationPlatforms) = postSolution
		{CBBA9081-B642-4AF7-9F84-35A20A2612D3}.Debug|Any CPU.ActiveCfg = Debug|Any CPU
		{CBBA9081-B642-4AF7-9F84-35A20A2612D3}.Debug|Any CPU.Build.0 = Debug|Any CPU
		{CBBA9081-B642-4AF7-9F84-35A20A2612D3}.Release|Any CPU.ActiveCfg = Release|Any CPU
		{CBBA9081-B642-4AF7-9F84-35A20A2612D3}.Release|Any CPU.Build.0 = Release|Any CPU
	EndGlobalSection
	GlobalSection(SolutionProperties) = preSolution
		HideSolutionNode = FALSE
	EndGlobalSection
	GlobalSection(ExtensibilityGlobals) = postSolution
		SolutionGuid = {DBFBAC1C-52E2-461B-B1E1-D288EF4A5BF7}
	EndGlobalSection
EndGlobal
